# THIS IS AN AUTOGENERATED FILE. DO NOT EDIT THIS FILE DIRECTLY.
# yarn lockfile v1


"jquery@>=1.10.2 <3.0.0":
  version "2.2.4"
  resolved "https://registry.yarnpkg.com/jquery/-/jquery-2.2.4.tgz#2c89d6889b5eac522a7eea32c14521559c6cbf02"

uploadcare-widget@^2.10.3:
  version "2.10.3"
  resolved "https://registry.yarnpkg.com/uploadcare-widget/-/uploadcare-widget-2.10.3.tgz#a2101b998ad63407b7dcaffb0290d40c99b2bde6"
  dependencies:
    jquery ">=1.10.2 <3.0.0"
